
Microsoft Visual Studio Solution File, Format Version 12.00
# Visual Studio Version 17
VisualStudioVersion = 17.0.31903.59
MinimumVisualStudioVersion = 10.0.40219.1
Project("{FAE04EC0-301F-11D3-BF4B-00C04F79EFBC}") = "AppHost", "AppHost\AppHost.csproj", "{A0F8D8BF-C193-468D-B382-D809A34DACF0}"
EndProject
Project("{FAE04EC0-301F-11D3-BF4B-00C04F79EFBC}") = "WebApp", "WebApp\WebApp.csproj", "{AF21C907-994C-45BE-AB9A-90661DEFEC0A}"
EndProject
Project("{FAE04EC0-301F-11D3-BF4B-00C04F79EFBC}") = "ServiceDefaults", "ServiceDefaults\ServiceDefaults.csproj", "{47C6C7BA-13B0-4535-9D16-829E20C1935B}"
EndProject
Project("{FAE04EC0-301F-11D3-BF4B-00C04F79EFBC}") = "Basket", "Basket\Basket.csproj", "{CD0B61C2-0E5A-4E0A-8307-A2C85DAE3CC2}"
EndProject
Project("{FAE04EC0-301F-11D3-BF4B-00C04F79EFBC}") = "Catalog", "Catalog\Catalog.csproj", "{CB95B43B-D48D-48B3-BCA7-9FACBBDD04D2}"
EndProject
Project("{FAE04EC0-301F-11D3-BF4B-00C04F79EFBC}") = "Ordering", "Ordering\Ordering.csproj", "{5ADE8185-921C-46C7-A648-DE01D2D34455}"
EndProject
Project("{FAE04EC0-301F-11D3-BF4B-00C04F79EFBC}") = "YarpApiGateway", "YarpApiGateway\YarpApiGateway.csproj", "{89401E8D-91B7-495F-848A-43C0D350E09F}"
EndProject
Project("{FAE04EC0-301F-11D3-BF4B-00C04F79EFBC}") = "Shared.Messaging", "Shared.Messaging\Shared.Messaging.csproj", "{33E4A4CC-9255-4AB4-A4C3-395335B0E7E2}"
EndProject
Global
	GlobalSection(SolutionConfigurationPlatforms) = preSolution
		Debug|Any CPU = Debug|Any CPU
		Debug|x64 = Debug|x64
		Debug|x86 = Debug|x86
		Release|Any CPU = Release|Any CPU
		Release|x64 = Release|x64
		Release|x86 = Release|x86
	EndGlobalSection
	GlobalSection(ProjectConfigurationPlatforms) = postSolution
		{A0F8D8BF-C193-468D-B382-D809A34DACF0}.Debug|Any CPU.ActiveCfg = Debug|Any CPU
		{A0F8D8BF-C193-468D-B382-D809A34DACF0}.Debug|Any CPU.Build.0 = Debug|Any CPU
		{A0F8D8BF-C193-468D-B382-D809A34DACF0}.Debug|x64.ActiveCfg = Debug|Any CPU
		{A0F8D8BF-C193-468D-B382-D809A34DACF0}.Debug|x64.Build.0 = Debug|Any CPU
		{A0F8D8BF-C193-468D-B382-D809A34DACF0}.Debug|x86.ActiveCfg = Debug|Any CPU
		{A0F8D8BF-C193-468D-B382-D809A34DACF0}.Debug|x86.Build.0 = Debug|Any CPU
		{A0F8D8BF-C193-468D-B382-D809A34DACF0}.Release|Any CPU.ActiveCfg = Release|Any CPU
		{A0F8D8BF-C193-468D-B382-D809A34DACF0}.Release|Any CPU.Build.0 = Release|Any CPU
		{A0F8D8BF-C193-468D-B382-D809A34DACF0}.Release|x64.ActiveCfg = Release|Any CPU
		{A0F8D8BF-C193-468D-B382-D809A34DACF0}.Release|x64.Build.0 = Release|Any CPU
		{A0F8D8BF-C193-468D-B382-D809A34DACF0}.Release|x86.ActiveCfg = Release|Any CPU
		{A0F8D8BF-C193-468D-B382-D809A34DACF0}.Release|x86.Build.0 = Release|Any CPU
		{AF21C907-994C-45BE-AB9A-90661DEFEC0A}.Debug|Any CPU.ActiveCfg = Debug|Any CPU
		{AF21C907-994C-45BE-AB9A-90661DEFEC0A}.Debug|Any CPU.Build.0 = Debug|Any CPU
		{AF21C907-994C-45BE-AB9A-90661DEFEC0A}.Debug|x64.ActiveCfg = Debug|Any CPU
		{AF21C907-994C-45BE-AB9A-90661DEFEC0A}.Debug|x64.Build.0 = Debug|Any CPU
		{AF21C907-994C-45BE-AB9A-90661DEFEC0A}.Debug|x86.ActiveCfg = Debug|Any CPU
		{AF21C907-994C-45BE-AB9A-90661DEFEC0A}.Debug|x86.Build.0 = Debug|Any CPU
		{AF21C907-994C-45BE-AB9A-90661DEFEC0A}.Release|Any CPU.ActiveCfg = Release|Any CPU
		{AF21C907-994C-45BE-AB9A-90661DEFEC0A}.Release|Any CPU.Build.0 = Release|Any CPU
		{AF21C907-994C-45BE-AB9A-90661DEFEC0A}.Release|x64.ActiveCfg = Release|Any CPU
		{AF21C907-994C-45BE-AB9A-90661DEFEC0A}.Release|x64.Build.0 = Release|Any CPU
		{AF21C907-994C-45BE-AB9A-90661DEFEC0A}.Release|x86.ActiveCfg = Release|Any CPU
		{AF21C907-994C-45BE-AB9A-90661DEFEC0A}.Release|x86.Build.0 = Release|Any CPU
		{47C6C7BA-13B0-4535-9D16-829E20C1935B}.Debug|Any CPU.ActiveCfg = Debug|Any CPU
		{47C6C7BA-13B0-4535-9D16-829E20C1935B}.Debug|Any CPU.Build.0 = Debug|Any CPU
		{47C6C7BA-13B0-4535-9D16-829E20C1935B}.Debug|x64.ActiveCfg = Debug|Any CPU
		{47C6C7BA-13B0-4535-9D16-829E20C1935B}.Debug|x64.Build.0 = Debug|Any CPU
		{47C6C7BA-13B0-4535-9D16-829E20C1935B}.Debug|x86.ActiveCfg = Debug|Any CPU
		{47C6C7BA-13B0-4535-9D16-829E20C1935B}.Debug|x86.Build.0 = Debug|Any CPU
		{47C6C7BA-13B0-4535-9D16-829E20C1935B}.Release|Any CPU.ActiveCfg = Release|Any CPU
		{47C6C7BA-13B0-4535-9D16-829E20C1935B}.Release|Any CPU.Build.0 = Release|Any CPU
		{47C6C7BA-13B0-4535-9D16-829E20C1935B}.Release|x64.ActiveCfg = Release|Any CPU
		{47C6C7BA-13B0-4535-9D16-829E20C1935B}.Release|x64.Build.0 = Release|Any CPU
		{47C6C7BA-13B0-4535-9D16-829E20C1935B}.Release|x86.ActiveCfg = Release|Any CPU
		{47C6C7BA-13B0-4535-9D16-829E20C1935B}.Release|x86.Build.0 = Release|Any CPU
		{CD0B61C2-0E5A-4E0A-8307-A2C85DAE3CC2}.Debug|Any CPU.ActiveCfg = Debug|Any CPU
		{CD0B61C2-0E5A-4E0A-8307-A2C85DAE3CC2}.Debug|Any CPU.Build.0 = Debug|Any CPU
		{CD0B61C2-0E5A-4E0A-8307-A2C85DAE3CC2}.Debug|x64.ActiveCfg = Debug|Any CPU
		{CD0B61C2-0E5A-4E0A-8307-A2C85DAE3CC2}.Debug|x64.Build.0 = Debug|Any CPU
		{CD0B61C2-0E5A-4E0A-8307-A2C85DAE3CC2}.Debug|x86.ActiveCfg = Debug|Any CPU
		{CD0B61C2-0E5A-4E0A-8307-A2C85DAE3CC2}.Debug|x86.Build.0 = Debug|Any CPU
		{CD0B61C2-0E5A-4E0A-8307-A2C85DAE3CC2}.Release|Any CPU.ActiveCfg = Release|Any CPU
		{CD0B61C2-0E5A-4E0A-8307-A2C85DAE3CC2}.Release|Any CPU.Build.0 = Release|Any CPU
		{CD0B61C2-0E5A-4E0A-8307-A2C85DAE3CC2}.Release|x64.ActiveCfg = Release|Any CPU
		{CD0B61C2-0E5A-4E0A-8307-A2C85DAE3CC2}.Release|x64.Build.0 = Release|Any CPU
		{CD0B61C2-0E5A-4E0A-8307-A2C85DAE3CC2}.Release|x86.ActiveCfg = Release|Any CPU
		{CD0B61C2-0E5A-4E0A-8307-A2C85DAE3CC2}.Release|x86.Build.0 = Release|Any CPU
		{CB95B43B-D48D-48B3-BCA7-9FACBBDD04D2}.Debug|Any CPU.ActiveCfg = Debug|Any CPU
		{CB95B43B-D48D-48B3-BCA7-9FACBBDD04D2}.Debug|Any CPU.Build.0 = Debug|Any CPU
		{CB95B43B-D48D-48B3-BCA7-9FACBBDD04D2}.Debug|x64.ActiveCfg = Debug|Any CPU
		{CB95B43B-D48D-48B3-BCA7-9FACBBDD04D2}.Debug|x64.Build.0 = Debug|Any CPU
		{CB95B43B-D48D-48B3-BCA7-9FACBBDD04D2}.Debug|x86.ActiveCfg = Debug|Any CPU
		{CB95B43B-D48D-48B3-BCA7-9FACBBDD04D2}.Debug|x86.Build.0 = Debug|Any CPU
		{CB95B43B-D48D-48B3-BCA7-9FACBBDD04D2}.Release|Any CPU.ActiveCfg = Release|Any CPU
		{CB95B43B-D48D-48B3-BCA7-9FACBBDD04D2}.Release|Any CPU.Build.0 = Release|Any CPU
		{CB95B43B-D48D-48B3-BCA7-9FACBBDD04D2}.Release|x64.ActiveCfg = Release|Any CPU
		{CB95B43B-D48D-48B3-BCA7-9FACBBDD04D2}.Release|x64.Build.0 = Release|Any CPU
		{CB95B43B-D48D-48B3-BCA7-9FACBBDD04D2}.Release|x86.ActiveCfg = Release|Any CPU
		{CB95B43B-D48D-48B3-BCA7-9FACBBDD04D2}.Release|x86.Build.0 = Release|Any CPU
		{5ADE8185-921C-46C7-A648-DE01D2D34455}.Debug|Any CPU.ActiveCfg = Debug|Any CPU
		{5ADE8185-921C-46C7-A648-DE01D2D34455}.Debug|Any CPU.Build.0 = Debug|Any CPU
		{5ADE8185-921C-46C7-A648-DE01D2D34455}.Debug|x64.ActiveCfg = Debug|Any CPU
		{5ADE8185-921C-46C7-A648-DE01D2D34455}.Debug|x64.Build.0 = Debug|Any CPU
		{5ADE8185-921C-46C7-A648-DE01D2D34455}.Debug|x86.ActiveCfg = Debug|Any CPU
		{5ADE8185-921C-46C7-A648-DE01D2D34455}.Debug|x86.Build.0 = Debug|Any CPU
		{5ADE8185-921C-46C7-A648-DE01D2D34455}.Release|Any CPU.ActiveCfg = Release|Any CPU
		{5ADE8185-921C-46C7-A648-DE01D2D34455}.Release|Any CPU.Build.0 = Release|Any CPU
		{5ADE8185-921C-46C7-A648-DE01D2D34455}.Release|x64.ActiveCfg = Release|Any CPU
		{5ADE8185-921C-46C7-A648-DE01D2D34455}.Release|x64.Build.0 = Release|Any CPU
		{5ADE8185-921C-46C7-A648-DE01D2D34455}.Release|x86.ActiveCfg = Release|Any CPU
		{5ADE8185-921C-46C7-A648-DE01D2D34455}.Release|x86.Build.0 = Release|Any CPU
		{89401E8D-91B7-495F-848A-43C0D350E09F}.Debug|Any CPU.ActiveCfg = Debug|Any CPU
		{89401E8D-91B7-495F-848A-43C0D350E09F}.Debug|Any CPU.Build.0 = Debug|Any CPU
		{89401E8D-91B7-495F-848A-43C0D350E09F}.Debug|x64.ActiveCfg = Debug|Any CPU
		{89401E8D-91B7-495F-848A-43C0D350E09F}.Debug|x64.Build.0 = Debug|Any CPU
		{89401E8D-91B7-495F-848A-43C0D350E09F}.Debug|x86.ActiveCfg = Debug|Any CPU
		{89401E8D-91B7-495F-848A-43C0D350E09F}.Debug|x86.Build.0 = Debug|Any CPU
		{89401E8D-91B7-495F-848A-43C0D350E09F}.Release|Any CPU.ActiveCfg = Release|Any CPU
		{89401E8D-91B7-495F-848A-43C0D350E09F}.Release|Any CPU.Build.0 = Release|Any CPU
		{89401E8D-91B7-495F-848A-43C0D350E09F}.Release|x64.ActiveCfg = Release|Any CPU
		{89401E8D-91B7-495F-848A-43C0D350E09F}.Release|x64.Build.0 = Release|Any CPU
		{89401E8D-91B7-495F-848A-43C0D350E09F}.Release|x86.ActiveCfg = Release|Any CPU
		{89401E8D-91B7-495F-848A-43C0D350E09F}.Release|x86.Build.0 = Release|Any CPU
		{33E4A4CC-9255-4AB4-A4C3-395335B0E7E2}.Debug|Any CPU.ActiveCfg = Debug|Any CPU
		{33E4A4CC-9255-4AB4-A4C3-395335B0E7E2}.Debug|Any CPU.Build.0 = Debug|Any CPU
		{33E4A4CC-9255-4AB4-A4C3-395335B0E7E2}.Debug|x64.ActiveCfg = Debug|Any CPU
		{33E4A4CC-9255-4AB4-A4C3-395335B0E7E2}.Debug|x64.Build.0 = Debug|Any CPU
		{33E4A4CC-9255-4AB4-A4C3-395335B0E7E2}.Debug|x86.ActiveCfg = Debug|Any CPU
		{33E4A4CC-9255-4AB4-A4C3-395335B0E7E2}.Debug|x86.Build.0 = Debug|Any CPU
		{33E4A4CC-9255-4AB4-A4C3-395335B0E7E2}.Release|Any CPU.ActiveCfg = Release|Any CPU
		{33E4A4CC-9255-4AB4-A4C3-395335B0E7E2}.Release|Any CPU.Build.0 = Release|Any CPU
		{33E4A4CC-9255-4AB4-A4C3-395335B0E7E2}.Release|x64.ActiveCfg = Release|Any CPU
		{33E4A4CC-9255-4AB4-A4C3-395335B0E7E2}.Release|x64.Build.0 = Release|Any CPU
		{33E4A4CC-9255-4AB4-A4C3-395335B0E7E2}.Release|x86.ActiveCfg = Release|Any CPU
		{33E4A4CC-9255-4AB4-A4C3-395335B0E7E2}.Release|x86.Build.0 = Release|Any CPU
	EndGlobalSection
	GlobalSection(SolutionProperties) = preSolution
		HideSolutionNode = FALSE
	EndGlobalSection
EndGlobal
