
Microsoft Visual Studio Solution File, Format Version 12.00
# Visual Studio Version 17
VisualStudioVersion = 17.0.31903.59
MinimumVisualStudioVersion = 10.0.40219.1
Project("{FAE04EC0-301F-11D3-BF4B-00C04F79EFBC}") = "AppHost", "AppHost\AppHost.csproj", "{A0F8D8BF-C193-468D-B382-D809A34DACF0}"
EndProject
Project("{FAE04EC0-301F-11D3-BF4B-00C04F79EFBC}") = "WebApp", "WebApp\WebApp.csproj", "{AF21C907-994C-45BE-AB9A-90661DEFEC0A}"
EndProject
Project("{FAE04EC0-301F-11D3-BF4B-00C04F79EFBC}") = "ServiceDefaults", "ServiceDefaults\ServiceDefaults.csproj", "{47C6C7BA-13B0-4535-9D16-829E20C1935B}"
EndProject
Project("{FAE04EC0-301F-11D3-BF4B-00C04F79EFBC}") = "ApiService", "ApiService\ApiService.csproj", "{6BC7FC67-1A35-4E0A-BAD2-90E506E543FF}"
EndProject
Project("{FAE04EC0-301F-11D3-BF4B-00C04F79EFBC}") = "Shared", "Shared\Shared.csproj", "{D24B9145-735C-4566-AE2C-2FA0F1FCDB0F}"
EndProject
Project("{FAE04EC0-301F-11D3-BF4B-00C04F79EFBC}") = "Ordering", "Ordering\Ordering.csproj", "{EADD4A06-6D0C-4683-A52B-6701277669EA}"
EndProject
Project("{FAE04EC0-301F-11D3-BF4B-00C04F79EFBC}") = "Catalog", "Catalog\Catalog.csproj", "{1B0E6C14-7FB9-4B9D-9B18-567ABA42C6A8}"
EndProject
Project("{FAE04EC0-301F-11D3-BF4B-00C04F79EFBC}") = "Basket", "Basket\Basket.csproj", "{F44F52CA-FEFA-4F02-A666-05B560C582E4}"
EndProject
Global
	GlobalSection(SolutionConfigurationPlatforms) = preSolution
		Debug|Any CPU = Debug|Any CPU
		Debug|x64 = Debug|x64
		Debug|x86 = Debug|x86
		Release|Any CPU = Release|Any CPU
		Release|x64 = Release|x64
		Release|x86 = Release|x86
	EndGlobalSection
	GlobalSection(ProjectConfigurationPlatforms) = postSolution
		{A0F8D8BF-C193-468D-B382-D809A34DACF0}.Debug|Any CPU.ActiveCfg = Debug|Any CPU
		{A0F8D8BF-C193-468D-B382-D809A34DACF0}.Debug|Any CPU.Build.0 = Debug|Any CPU
		{A0F8D8BF-C193-468D-B382-D809A34DACF0}.Debug|x64.ActiveCfg = Debug|Any CPU
		{A0F8D8BF-C193-468D-B382-D809A34DACF0}.Debug|x64.Build.0 = Debug|Any CPU
		{A0F8D8BF-C193-468D-B382-D809A34DACF0}.Debug|x86.ActiveCfg = Debug|Any CPU
		{A0F8D8BF-C193-468D-B382-D809A34DACF0}.Debug|x86.Build.0 = Debug|Any CPU
		{A0F8D8BF-C193-468D-B382-D809A34DACF0}.Release|Any CPU.ActiveCfg = Release|Any CPU
		{A0F8D8BF-C193-468D-B382-D809A34DACF0}.Release|Any CPU.Build.0 = Release|Any CPU
		{A0F8D8BF-C193-468D-B382-D809A34DACF0}.Release|x64.ActiveCfg = Release|Any CPU
		{A0F8D8BF-C193-468D-B382-D809A34DACF0}.Release|x64.Build.0 = Release|Any CPU
		{A0F8D8BF-C193-468D-B382-D809A34DACF0}.Release|x86.ActiveCfg = Release|Any CPU
		{A0F8D8BF-C193-468D-B382-D809A34DACF0}.Release|x86.Build.0 = Release|Any CPU
		{AF21C907-994C-45BE-AB9A-90661DEFEC0A}.Debug|Any CPU.ActiveCfg = Debug|Any CPU
		{AF21C907-994C-45BE-AB9A-90661DEFEC0A}.Debug|Any CPU.Build.0 = Debug|Any CPU
		{AF21C907-994C-45BE-AB9A-90661DEFEC0A}.Debug|x64.ActiveCfg = Debug|Any CPU
		{AF21C907-994C-45BE-AB9A-90661DEFEC0A}.Debug|x64.Build.0 = Debug|Any CPU
		{AF21C907-994C-45BE-AB9A-90661DEFEC0A}.Debug|x86.ActiveCfg = Debug|Any CPU
		{AF21C907-994C-45BE-AB9A-90661DEFEC0A}.Debug|x86.Build.0 = Debug|Any CPU
		{AF21C907-994C-45BE-AB9A-90661DEFEC0A}.Release|Any CPU.ActiveCfg = Release|Any CPU
		{AF21C907-994C-45BE-AB9A-90661DEFEC0A}.Release|Any CPU.Build.0 = Release|Any CPU
		{AF21C907-994C-45BE-AB9A-90661DEFEC0A}.Release|x64.ActiveCfg = Release|Any CPU
		{AF21C907-994C-45BE-AB9A-90661DEFEC0A}.Release|x64.Build.0 = Release|Any CPU
		{AF21C907-994C-45BE-AB9A-90661DEFEC0A}.Release|x86.ActiveCfg = Release|Any CPU
		{AF21C907-994C-45BE-AB9A-90661DEFEC0A}.Release|x86.Build.0 = Release|Any CPU
		{47C6C7BA-13B0-4535-9D16-829E20C1935B}.Debug|Any CPU.ActiveCfg = Debug|Any CPU
		{47C6C7BA-13B0-4535-9D16-829E20C1935B}.Debug|Any CPU.Build.0 = Debug|Any CPU
		{47C6C7BA-13B0-4535-9D16-829E20C1935B}.Debug|x64.ActiveCfg = Debug|Any CPU
		{47C6C7BA-13B0-4535-9D16-829E20C1935B}.Debug|x64.Build.0 = Debug|Any CPU
		{47C6C7BA-13B0-4535-9D16-829E20C1935B}.Debug|x86.ActiveCfg = Debug|Any CPU
		{47C6C7BA-13B0-4535-9D16-829E20C1935B}.Debug|x86.Build.0 = Debug|Any CPU
		{47C6C7BA-13B0-4535-9D16-829E20C1935B}.Release|Any CPU.ActiveCfg = Release|Any CPU
		{47C6C7BA-13B0-4535-9D16-829E20C1935B}.Release|Any CPU.Build.0 = Release|Any CPU
		{47C6C7BA-13B0-4535-9D16-829E20C1935B}.Release|x64.ActiveCfg = Release|Any CPU
		{47C6C7BA-13B0-4535-9D16-829E20C1935B}.Release|x64.Build.0 = Release|Any CPU
		{47C6C7BA-13B0-4535-9D16-829E20C1935B}.Release|x86.ActiveCfg = Release|Any CPU
		{47C6C7BA-13B0-4535-9D16-829E20C1935B}.Release|x86.Build.0 = Release|Any CPU
		{6BC7FC67-1A35-4E0A-BAD2-90E506E543FF}.Debug|Any CPU.ActiveCfg = Debug|Any CPU
		{6BC7FC67-1A35-4E0A-BAD2-90E506E543FF}.Debug|Any CPU.Build.0 = Debug|Any CPU
		{6BC7FC67-1A35-4E0A-BAD2-90E506E543FF}.Debug|x64.ActiveCfg = Debug|Any CPU
		{6BC7FC67-1A35-4E0A-BAD2-90E506E543FF}.Debug|x64.Build.0 = Debug|Any CPU
		{6BC7FC67-1A35-4E0A-BAD2-90E506E543FF}.Debug|x86.ActiveCfg = Debug|Any CPU
		{6BC7FC67-1A35-4E0A-BAD2-90E506E543FF}.Debug|x86.Build.0 = Debug|Any CPU
		{6BC7FC67-1A35-4E0A-BAD2-90E506E543FF}.Release|Any CPU.ActiveCfg = Release|Any CPU
		{6BC7FC67-1A35-4E0A-BAD2-90E506E543FF}.Release|Any CPU.Build.0 = Release|Any CPU
		{6BC7FC67-1A35-4E0A-BAD2-90E506E543FF}.Release|x64.ActiveCfg = Release|Any CPU
		{6BC7FC67-1A35-4E0A-BAD2-90E506E543FF}.Release|x64.Build.0 = Release|Any CPU
		{6BC7FC67-1A35-4E0A-BAD2-90E506E543FF}.Release|x86.ActiveCfg = Release|Any CPU
		{6BC7FC67-1A35-4E0A-BAD2-90E506E543FF}.Release|x86.Build.0 = Release|Any CPU
		{D24B9145-735C-4566-AE2C-2FA0F1FCDB0F}.Debug|Any CPU.ActiveCfg = Debug|Any CPU
		{D24B9145-735C-4566-AE2C-2FA0F1FCDB0F}.Debug|Any CPU.Build.0 = Debug|Any CPU
		{D24B9145-735C-4566-AE2C-2FA0F1FCDB0F}.Debug|x64.ActiveCfg = Debug|Any CPU
		{D24B9145-735C-4566-AE2C-2FA0F1FCDB0F}.Debug|x64.Build.0 = Debug|Any CPU
		{D24B9145-735C-4566-AE2C-2FA0F1FCDB0F}.Debug|x86.ActiveCfg = Debug|Any CPU
		{D24B9145-735C-4566-AE2C-2FA0F1FCDB0F}.Debug|x86.Build.0 = Debug|Any CPU
		{D24B9145-735C-4566-AE2C-2FA0F1FCDB0F}.Release|Any CPU.ActiveCfg = Release|Any CPU
		{D24B9145-735C-4566-AE2C-2FA0F1FCDB0F}.Release|Any CPU.Build.0 = Release|Any CPU
		{D24B9145-735C-4566-AE2C-2FA0F1FCDB0F}.Release|x64.ActiveCfg = Release|Any CPU
		{D24B9145-735C-4566-AE2C-2FA0F1FCDB0F}.Release|x64.Build.0 = Release|Any CPU
		{D24B9145-735C-4566-AE2C-2FA0F1FCDB0F}.Release|x86.ActiveCfg = Release|Any CPU
		{D24B9145-735C-4566-AE2C-2FA0F1FCDB0F}.Release|x86.Build.0 = Release|Any CPU
		{EADD4A06-6D0C-4683-A52B-6701277669EA}.Debug|Any CPU.ActiveCfg = Debug|Any CPU
		{EADD4A06-6D0C-4683-A52B-6701277669EA}.Debug|Any CPU.Build.0 = Debug|Any CPU
		{EADD4A06-6D0C-4683-A52B-6701277669EA}.Debug|x64.ActiveCfg = Debug|Any CPU
		{EADD4A06-6D0C-4683-A52B-6701277669EA}.Debug|x64.Build.0 = Debug|Any CPU
		{EADD4A06-6D0C-4683-A52B-6701277669EA}.Debug|x86.ActiveCfg = Debug|Any CPU
		{EADD4A06-6D0C-4683-A52B-6701277669EA}.Debug|x86.Build.0 = Debug|Any CPU
		{EADD4A06-6D0C-4683-A52B-6701277669EA}.Release|Any CPU.ActiveCfg = Release|Any CPU
		{EADD4A06-6D0C-4683-A52B-6701277669EA}.Release|Any CPU.Build.0 = Release|Any CPU
		{EADD4A06-6D0C-4683-A52B-6701277669EA}.Release|x64.ActiveCfg = Release|Any CPU
		{EADD4A06-6D0C-4683-A52B-6701277669EA}.Release|x64.Build.0 = Release|Any CPU
		{EADD4A06-6D0C-4683-A52B-6701277669EA}.Release|x86.ActiveCfg = Release|Any CPU
		{EADD4A06-6D0C-4683-A52B-6701277669EA}.Release|x86.Build.0 = Release|Any CPU
		{1B0E6C14-7FB9-4B9D-9B18-567ABA42C6A8}.Debug|Any CPU.ActiveCfg = Debug|Any CPU
		{1B0E6C14-7FB9-4B9D-9B18-567ABA42C6A8}.Debug|Any CPU.Build.0 = Debug|Any CPU
		{1B0E6C14-7FB9-4B9D-9B18-567ABA42C6A8}.Debug|x64.ActiveCfg = Debug|Any CPU
		{1B0E6C14-7FB9-4B9D-9B18-567ABA42C6A8}.Debug|x64.Build.0 = Debug|Any CPU
		{1B0E6C14-7FB9-4B9D-9B18-567ABA42C6A8}.Debug|x86.ActiveCfg = Debug|Any CPU
		{1B0E6C14-7FB9-4B9D-9B18-567ABA42C6A8}.Debug|x86.Build.0 = Debug|Any CPU
		{1B0E6C14-7FB9-4B9D-9B18-567ABA42C6A8}.Release|Any CPU.ActiveCfg = Release|Any CPU
		{1B0E6C14-7FB9-4B9D-9B18-567ABA42C6A8}.Release|Any CPU.Build.0 = Release|Any CPU
		{1B0E6C14-7FB9-4B9D-9B18-567ABA42C6A8}.Release|x64.ActiveCfg = Release|Any CPU
		{1B0E6C14-7FB9-4B9D-9B18-567ABA42C6A8}.Release|x64.Build.0 = Release|Any CPU
		{1B0E6C14-7FB9-4B9D-9B18-567ABA42C6A8}.Release|x86.ActiveCfg = Release|Any CPU
		{1B0E6C14-7FB9-4B9D-9B18-567ABA42C6A8}.Release|x86.Build.0 = Release|Any CPU
		{F44F52CA-FEFA-4F02-A666-05B560C582E4}.Debug|Any CPU.ActiveCfg = Debug|Any CPU
		{F44F52CA-FEFA-4F02-A666-05B560C582E4}.Debug|Any CPU.Build.0 = Debug|Any CPU
		{F44F52CA-FEFA-4F02-A666-05B560C582E4}.Debug|x64.ActiveCfg = Debug|Any CPU
		{F44F52CA-FEFA-4F02-A666-05B560C582E4}.Debug|x64.Build.0 = Debug|Any CPU
		{F44F52CA-FEFA-4F02-A666-05B560C582E4}.Debug|x86.ActiveCfg = Debug|Any CPU
		{F44F52CA-FEFA-4F02-A666-05B560C582E4}.Debug|x86.Build.0 = Debug|Any CPU
		{F44F52CA-FEFA-4F02-A666-05B560C582E4}.Release|Any CPU.ActiveCfg = Release|Any CPU
		{F44F52CA-FEFA-4F02-A666-05B560C582E4}.Release|Any CPU.Build.0 = Release|Any CPU
		{F44F52CA-FEFA-4F02-A666-05B560C582E4}.Release|x64.ActiveCfg = Release|Any CPU
		{F44F52CA-FEFA-4F02-A666-05B560C582E4}.Release|x64.Build.0 = Release|Any CPU
		{F44F52CA-FEFA-4F02-A666-05B560C582E4}.Release|x86.ActiveCfg = Release|Any CPU
		{F44F52CA-FEFA-4F02-A666-05B560C582E4}.Release|x86.Build.0 = Release|Any CPU
	EndGlobalSection
	GlobalSection(SolutionProperties) = preSolution
		HideSolutionNode = FALSE
	EndGlobalSection
EndGlobal
